// !$*UTF8*$!
{
	archiveVersion = 1;
	classes = {
	};
	objectVersion = 50;
	objects = {

/* Begin PBXBuildFile section */
		9BA36D41258BCA7300231064 /* AppDelegate.swift in Sources */ = {isa = PBXBuildFile; fileRef = 9BA36D40258BCA7300231064 /* AppDelegate.swift */; };
		9BA36D43258BCA7300231064 /* SceneDelegate.swift in Sources */ = {isa = PBXBuildFile; fileRef = 9BA36D42258BCA7300231064 /* SceneDelegate.swift */; };
		9BA36D45258BCA7300231064 /* ViewController.swift in Sources */ = {isa = PBXBuildFile; fileRef = 9BA36D44258BCA7300231064 /* ViewController.swift */; };
		9BA36D48258BCA7300231064 /* Main.storyboard in Resources */ = {isa = PBXBuildFile; fileRef = 9BA36D46258BCA7300231064 /* Main.storyboard */; };
		9BA36D4A258BCA7500231064 /* Assets.xcassets in Resources */ = {isa = PBXBuildFile; fileRef = 9BA36D49258BCA7500231064 /* Assets.xcassets */; };
		9BA36D4D258BCA7500231064 /* LaunchScreen.storyboard in Resources */ = {isa = PBXBuildFile; fileRef = 9BA36D4B258BCA7500231064 /* LaunchScreen.storyboard */; };
		9BA36D55258BCADC00231064 /* MinutesBrain.swift in Sources */ = {isa = PBXBuildFile; fileRef = 9BA36D54258BCADC00231064 /* MinutesBrain.swift */; };
/* End PBXBuildFile section */

/* Begin PBXFileReference section */
		9BA36D3D258BCA7300231064 /* minutes.app */ = {isa = PBXFileReference; explicitFileType = wrapper.application; includeInIndex = 0; path = minutes.app; sourceTree = BUILT_PRODUCTS_DIR; };
		9BA36D40258BCA7300231064 /* AppDelegate.swift */ = {isa = PBXFileReference; lastKnownFileType = sourcecode.swift; path = AppDelegate.swift; sourceTree = "<group>"; };
		9BA36D42258BCA7300231064 /* SceneDelegate.swift */ = {isa = PBXFileReference; lastKnownFileType = sourcecode.swift; path = SceneDelegate.swift; sourceTree = "<group>"; };
		9BA36D44258BCA7300231064 /* ViewController.swift */ = {isa = PBXFileReference; lastKnownFileType = sourcecode.swift; path = ViewController.swift; sourceTree = "<group>"; };
		9BA36D47258BCA7300231064 /* Base */ = {isa = PBXFileReference; lastKnownFileType = file.storyboard; name = Base; path = Base.lproj/Main.storyboard; sourceTree = "<group>"; };
		9BA36D49258BCA7500231064 /* Assets.xcassets */ = {isa = PBXFileReference; lastKnownFileType = folder.assetcatalog; path = Assets.xcassets; sourceTree = "<group>"; };
		9BA36D4C258BCA7500231064 /* Base */ = {isa = PBXFileReference; lastKnownFileType = file.storyboard; name = Base; path = Base.lproj/LaunchScreen.storyboard; sourceTree = "<group>"; };
		9BA36D4E258BCA7500231064 /* Info.plist */ = {isa = PBXFileReference; lastKnownFileType = text.plist.xml; path = Info.plist; sourceTree = "<group>"; };
		9BA36D54258BCADC00231064 /* MinutesBrain.swift */ = {isa = PBXFileReference; lastKnownFileType = sourcecode.swift; path = MinutesBrain.swift; sourceTree = "<group>"; };
/* End PBXFileReference section */

/* Begin PBXFrameworksBuildPhase section */
		9BA36D3A258BCA7300231064 /* Frameworks */ = {
			isa = PBXFrameworksBuildPhase;
			buildActionMask = 2147483647;
			files = (
			);
			runOnlyForDeploymentPostprocessing = 0;
		};
/* End PBXFrameworksBuildPhase section */

/* Begin PBXGroup section */
		9BA36D34258BCA7200231064 = {
			isa = PBXGroup;
			children = (
				9BA36D3F258BCA7300231064 /* minutes */,
				9BA36D3E258BCA7300231064 /* Products */,
			);
			sourceTree = "<group>";
		};
		9BA36D3E258BCA7300231064 /* Products */ = {
			isa = PBXGroup;
			children = (
				9BA36D3D258BCA7300231064 /* minutes.app */,
			);
			name = Products;
			sourceTree = "<group>";
		};
		9BA36D3F258BCA7300231064 /* minutes */ = {
			isa = PBXGroup;
			children = (
				9BA36D40258BCA7300231064 /* AppDelegate.swift */,
				9BA36D42258BCA7300231064 /* SceneDelegate.swift */,
				9BA36D44258BCA7300231064 /* ViewController.swift */,
				9BA36D54258BCADC00231064 /* MinutesBrain.swift */,
				9BA36D46258BCA7300231064 /* Main.storyboard */,
				9BA36D49258BCA7500231064 /* Assets.xcassets */,
				9BA36D4B258BCA7500231064 /* LaunchScreen.storyboard */,
				9BA36D4E258BCA7500231064 /* Info.plist */,
			);
			path = minutes;
			sourceTree = "<group>";
		};
/* End PBXGroup section */

/* Begin PBXNativeTarget section */
		9BA36D3C258BCA7300231064 /* minutes */ = {
			isa = PBXNativeTarget;
			buildConfigurationList = 9BA36D51258BCA7500231064 /* Build configuration list for PBXNativeTarget "minutes" */;
			buildPhases = (
				9BA36D39258BCA7300231064 /* Sources */,
				9BA36D3A258BCA7300231064 /* Frameworks */,
				9BA36D3B258BCA7300231064 /* Resources */,
			);
			buildRules = (
			);
			dependencies = (
			);
			name = minutes;
			productName = minutes;
			productReference = 9BA36D3D258BCA7300231064 /* minutes.app */;
			productType = "com.apple.product-type.application";
		};
/* End PBXNativeTarget section */

/* Begin PBXProject section */
		9BA36D35258BCA7200231064 /* Project object */ = {
			isa = PBXProject;
			attributes = {
				LastSwiftUpdateCheck = 1170;
				LastUpgradeCheck = 1170;
				ORGANIZATIONNAME = "Sunny Nie";
				TargetAttributes = {
					9BA36D3C258BCA7300231064 = {
						CreatedOnToolsVersion = 11.7;
					};
				};
			};
			buildConfigurationList = 9BA36D38258BCA7200231064 /* Build configuration list for PBXProject "minutes" */;
			compatibilityVersion = "Xcode 9.3";
			developmentRegion = en;
			hasScannedForEncodings = 0;
			knownRegions = (
				en,
				Base,
			);
			mainGroup = 9BA36D34258BCA7200231064;
			productRefGroup = 9BA36D3E258BCA7300231064 /* Products */;
			projectDirPath = "";
			projectRoot = "";
			targets = (
				9BA36D3C258BCA7300231064 /* minutes */,
			);
		};
/* End PBXProject section */

/* Begin PBXResourcesBuildPhase section */
		9BA36D3B258BCA7300231064 /* Resources */ = {
			isa = PBXResourcesBuildPhase;
			buildActionMask = 2147483647;
			files = (
				9BA36D4D258BCA7500231064 /* LaunchScreen.storyboard in Resources */,
				9BA36D4A258BCA7500231064 /* Assets.xcassets in Resources */,
				9BA36D48258BCA7300231064 /* Main.storyboard in Resources */,
			);
			runOnlyForDeploymentPostprocessing = 0;
		};
/* End PBXResourcesBuildPhase section */

/* Begin PBXSourcesBuildPhase section */
		9BA36D39258BCA7300231064 /* Sources */ = {
			isa = PBXSourcesBuildPhase;
			buildActionMask = 2147483647;
			files = (
				9BA36D45258BCA7300231064 /* ViewController.swift in Sources */,
				9BA36D41258BCA7300231064 /* AppDelegate.swift in Sources */,
				9BA36D55258BCADC00231064 /* MinutesBrain.swift in Sources */,
				9BA36D43258BCA7300231064 /* SceneDelegate.swift in Sources */,
			);
			runOnlyForDeploymentPostprocessing = 0;
		};
/* End PBXSourcesBuildPhase section */

/* Begin PBXVariantGroup section */
		9BA36D46258BCA7300231064 /* Main.storyboard */ = {
			isa = PBXVariantGroup;
			children = (
				9BA36D47258BCA7300231064 /* Base */,
			);
			name = Main.storyboard;
			sourceTree = "<group>";
		};
		9BA36D4B258BCA7500231064 /* LaunchScreen.storyboard */ = {
			isa = PBXVariantGroup;
			children = (
				9BA36D4C258BCA7500231064 /* Base */,
			);
			name = LaunchScreen.storyboard;
			sourceTree = "<group>";
		};
/* End PBXVariantGroup section */

/* Begin XCBuildConfiguration section */
		9BA36D4F258BCA7500231064 /* Debug */ = {
			isa = XCBuildConfiguration;
			buildSettings = {
				ALWAYS_SEARCH_USER_PATHS = NO;
				CLANG_ANALYZER_NONNULL = YES;
				CLANG_ANALYZER_NUMBER_OBJECT_CONVERSION = YES_AGGRESSIVE;
				CLANG_CXX_LANGUAGE_STANDARD = "gnu++14";
				CLANG_CXX_LIBRARY = "libc++";
				CLANG_ENABLE_MODULES = YES;
				CLANG_ENABLE_OBJC_ARC = YES;
				CLANG_ENABLE_OBJC_WEAK = YES;
				CLANG_WARN_BLOCK_CAPTURE_AUTORELEASING = YES;
				CLANG_WARN_BOOL_CONVERSION = YES;
				CLANG_WARN_COMMA = YES;
				CLANG_WARN_CONSTANT_CONVERSION = YES;
				CLANG_WARN_DEPRECATED_OBJC_IMPLEMENTATIONS = YES;
				CLANG_WARN_DIRECT_OBJC_ISA_USAGE = YES_ERROR;
				CLANG_WARN_DOCUMENTATION_COMMENTS = YES;
				CLANG_WARN_EMPTY_BODY = YES;
				CLANG_WARN_ENUM_CONVERSION = YES;
				CLANG_WARN_INFINITE_RECURSION = YES;
				CLANG_WARN_INT_CONVERSION = YES;
				CLANG_WARN_NON_LITERAL_NULL_CONVERSION = YES;
				CLANG_WARN_OBJC_IMPLICIT_RETAIN_SELF = YES;
				CLANG_WARN_OBJC_LITERAL_CONVERSION = YES;
				CLANG_WARN_OBJC_ROOT_CLASS = YES_ERROR;
				CLANG_WARN_RANGE_LOOP_ANALYSIS = YES;
				CLANG_WARN_STRICT_PROTOTYPES = YES;
				CLANG_WARN_SUSPICIOUS_MOVE = YES;
				CLANG_WARN_UNGUARDED_AVAILABILITY = YES_AGGRESSIVE;
				CLANG_WARN_UNREACHABLE_CODE = YES;
				CLANG_WARN__DUPLICATE_METHOD_MATCH = YES;
				COPY_PHASE_STRIP = NO;
				DEBUG_INFORMATION_FORMAT = dwarf;
				ENABLE_STRICT_OBJC_MSGSEND = YES;
				ENABLE_TESTABILITY = YES;
				GCC_C_LANGUAGE_STANDARD = gnu11;
				GCC_DYNAMIC_NO_PIC = NO;
				GCC_NO_COMMON_BLOCKS = YES;
				GCC_OPTIMIZATION_LEVEL = 0;
				GCC_PREPROCESSOR_DEFINITIONS = (
					"DEBUG=1",
					"$(inherited)",
				);
				GCC_WARN_64_TO_32_BIT_CONVERSION = YES;
				GCC_WARN_ABOUT_RETURN_TYPE = YES_ERROR;
				GCC_WARN_UNDECLARED_SELECTOR = YES;
				GCC_WARN_UNINITIALIZED_AUTOS = YES_AGGRESSIVE;
				GCC_WARN_UNUSED_FUNCTION = YES;
				GCC_WARN_UNUSED_VARIABLE = YES;
				IPHONEOS_DEPLOYMENT_TARGET = 13.7;
				MTL_ENABLE_DEBUG_INFO = INCLUDE_SOURCE;
				MTL_FAST_MATH = YES;
				ONLY_ACTIVE_ARCH = YES;
				SDKROOT = iphoneos;
				SWIFT_ACTIVE_COMPILATION_CONDITIONS = DEBUG;
				SWIFT_OPTIMIZATION_LEVEL = "-Onone";
			};
			name = Debug;
		};
		9BA36D50258BCA7500231064 /* Release */ = {
			isa = XCBuildConfiguration;
			buildSettings = {
				ALWAYS_SEARCH_USER_PATHS = NO;
				CLANG_ANALYZER_NONNULL = YES;
				CLANG_ANALYZER_NUMBER_OBJECT_CONVERSION = YES_AGGRESSIVE;
				CLANG_CXX_LANGUAGE_STANDARD = "gnu++14";
				CLANG_CXX_LIBRARY = "libc++";
				CLANG_ENABLE_MODULES = YES;
				CLANG_ENABLE_OBJC_ARC = YES;
				CLANG_ENABLE_OBJC_WEAK = YES;
				CLANG_WARN_BLOCK_CAPTURE_AUTORELEASING = YES;
				CLANG_WARN_BOOL_CONVERSION = YES;
				CLANG_WARN_COMMA = YES;
				CLANG_WARN_CONSTANT_CONVERSION = YES;
				CLANG_WARN_DEPRECATED_OBJC_IMPLEMENTATIONS = YES;
				CLANG_WARN_DIRECT_OBJC_ISA_USAGE = YES_ERROR;
				CLANG_WARN_DOCUMENTATION_COMMENTS = YES;
				CLANG_WARN_EMPTY_BODY = YES;
				CLANG_WARN_ENUM_CONVERSION = YES;
				CLANG_WARN_INFINITE_RECURSION = YES;
				CLANG_WARN_INT_CONVERSION = YES;
				CLANG_WARN_NON_LITERAL_NULL_CONVERSION = YES;
				CLANG_WARN_OBJC_IMPLICIT_RETAIN_SELF = YES;
				CLANG_WARN_OBJC_LITERAL_CONVERSION = YES;
				CLANG_WARN_OBJC_ROOT_CLASS = YES_ERROR;
				CLANG_WARN_RANGE_LOOP_ANALYSIS = YES;
				CLANG_WARN_STRICT_PROTOTYPES = YES;
				CLANG_WARN_SUSPICIOUS_MOVE = YES;
				CLANG_WARN_UNGUARDED_AVAILABILITY = YES_AGGRESSIVE;
				CLANG_WARN_UNREACHABLE_CODE = YES;
				CLANG_WARN__DUPLICATE_METHOD_MATCH = YES;
				COPY_PHASE_STRIP = NO;
				DEBUG_INFORMATION_FORMAT = "dwarf-with-dsym";
				ENABLE_NS_ASSERTIONS = NO;
				ENABLE_STRICT_OBJC_MSGSEND = YES;
				GCC_C_LANGUAGE_STANDARD = gnu11;
				GCC_NO_COMMON_BLOCKS = YES;
				GCC_WARN_64_TO_32_BIT_CONVERSION = YES;
				GCC_WARN_ABOUT_RETURN_TYPE = YES_ERROR;
				GCC_WARN_UNDECLARED_SELECTOR = YES;
				GCC_WARN_UNINITIALIZED_AUTOS = YES_AGGRESSIVE;
				GCC_WARN_UNUSED_FUNCTION = YES;
				GCC_WARN_UNUSED_VARIABLE = YES;
				IPHONEOS_DEPLOYMENT_TARGET = 13.7;
				MTL_ENABLE_DEBUG_INFO = NO;
				MTL_FAST_MATH = YES;
				SDKROOT = iphoneos;
				SWIFT_COMPILATION_MODE = wholemodule;
				SWIFT_OPTIMIZATION_LEVEL = "-O";
				VALIDATE_PRODUCT = YES;
			};
			name = Release;
		};
		9BA36D52258BCA7500231064 /* Debug */ = {
			isa = XCBuildConfiguration;
			buildSettings = {
				ASSETCATALOG_COMPILER_APPICON_NAME = AppIcon;
				CODE_SIGN_STYLE = Automatic;
				DEVELOPMENT_TEAM = D4BB37QN7G;
				INFOPLIST_FILE = minutes/Info.plist;
				LD_RUNPATH_SEARCH_PATHS = (
					"$(inherited)",
					"@executable_path/Frameworks",
				);
				PRODUCT_BUNDLE_IDENTIFIER = com.sunnynie.minutes;
				PRODUCT_NAME = "$(TARGET_NAME)";
				SWIFT_VERSION = 5.0;
				TARGETED_DEVICE_FAMILY = 1;
			};
			name = Debug;
		};
		9BA36D53258BCA7500231064 /* Release */ = {
			isa = XCBuildConfiguration;
			buildSettings = {
				ASSETCATALOG_COMPILER_APPICON_NAME = AppIcon;
				CODE_SIGN_STYLE = Automatic;
				DEVELOPMENT_TEAM = D4BB37QN7G;
				INFOPLIST_FILE = minutes/Info.plist;
				LD_RUNPATH_SEARCH_PATHS = (
					"$(inherited)",
					"@executable_path/Frameworks",
				);
				PRODUCT_BUNDLE_IDENTIFIER = com.sunnynie.minutes;
				PRODUCT_NAME = "$(TARGET_NAME)";
				SWIFT_VERSION = 5.0;
				TARGETED_DEVICE_FAMILY = 1;
			};
			name = Release;
		};
/* End XCBuildConfiguration section */

/* Begin XCConfigurationList section */
		9BA36D38258BCA7200231064 /* Build configuration list for PBXProject "minutes" */ = {
			isa = XCConfigurationList;
			buildConfigurations = (
				9BA36D4F258BCA7500231064 /* Debug */,
				9BA36D50258BCA7500231064 /* Release */,
			);
			defaultConfigurationIsVisible = 0;
			defaultConfigurationName = Release;
		};
		9BA36D51258BCA7500231064 /* Build configuration list for PBXNativeTarget "minutes" */ = {
			isa = XCConfigurationList;
			buildConfigurations = (
				9BA36D52258BCA7500231064 /* Debug */,
				9BA36D53258BCA7500231064 /* Release */,
			);
			defaultConfigurationIsVisible = 0;
			defaultConfigurationName = Release;
		};
/* End XCConfigurationList section */
	};
	rootObject = 9BA36D35258BCA7200231064 /* Project object */;
}
